// !$*UTF8*$!
{
	archiveVersion = 1;
	classes = {
	};
	objectVersion = 56;
	objects = {

/* Begin PBXBuildFile section */
		07FF104B5DCCF8F5A46E9B31 /* Constants.swift in Sources */ = {isa = PBXBuildFile; fileRef = 436F898CB9D98AA2A71C9E1E /* Constants.swift */; };
		0DDE5CEF7930D4F3FC49C306 /* WindowInfo.swift in Sources */ = {isa = PBXBuildFile; fileRef = 304AEFC8F7872911353B3D0E /* WindowInfo.swift */; };
		19AD7EC75D594B585EA9838A /* EnergyCalculator.swift in Sources */ = {isa = PBXBuildFile; fileRef = 96EF94564064724D1F5895EB /* EnergyCalculator.swift */; };
		1A16540321EEFE0CA96FF3B9 /* ResultsView.swift in Sources */ = {isa = PBXBuildFile; fileRef = DE5470F42FEC22A59B664AAD /* ResultsView.swift */; };
		213E984A5CCF7C958119B1C5 /* DetailsView.swift in Sources */ = {isa = PBXBuildFile; fileRef = 6664D5BC5AD8B0B23517CEB7 /* DetailsView.swift */; };
		5A04A1B47FB29A5D702FFCC2 /* CoreLocation.framework in Frameworks */ = {isa = PBXBuildFile; fileRef = 44854C79B333BDD5B67F1E36 /* CoreLocation.framework */; };
		6A8CFAD8C756BAF051FAF727 /* Room.swift in Sources */ = {isa = PBXBuildFile; fileRef = BDD5655AD9D6926C7EC31CDF /* Room.swift */; };
		741FBC251B6C9DBD1582AB71 /* InsulationQuality.swift in Sources */ = {isa = PBXBuildFile; fileRef = A108C42AA04C7B9904E40197 /* InsulationQuality.swift */; };
		7F518FA9D23E3AA2CB78D756 /* RoomCaptureService.swift in Sources */ = {isa = PBXBuildFile; fileRef = 4248F0F36731AE2CFA3027F6 /* RoomCaptureService.swift */; };
		96654BF05A942D2CEA3A5E5F /* HomeView.swift in Sources */ = {isa = PBXBuildFile; fileRef = 77CB9D46C7E4E19F8AC5FBC7 /* HomeView.swift */; };
		A30FF09CA1B395EB7073D842 /* ThermalScanApp.swift in Sources */ = {isa = PBXBuildFile; fileRef = BCA96A8120398D3B84031DF0 /* ThermalScanApp.swift */; };
		CDDFB6306C486BBA2C32AB0B /* ScanView.swift in Sources */ = {isa = PBXBuildFile; fileRef = 4703C36810D54A484556F680 /* ScanView.swift */; };
		D6743FE63F30D629732BB584 /* RoomPlan.framework in Frameworks */ = {isa = PBXBuildFile; fileRef = 74AEB16358EE6AE3E98C0033 /* RoomPlan.framework */; };
		E1D834FBD4264F3DB6870249 /* ARKit.framework in Frameworks */ = {isa = PBXBuildFile; fileRef = 7B6E83E36C4772907B18A5B9 /* ARKit.framework */; };
		E2D2129C9A3D799C97326793 /* ClimateZone.swift in Sources */ = {isa = PBXBuildFile; fileRef = F122D3C82A3D89D447734F94 /* ClimateZone.swift */; };
		E658DAB605FD1A228033D29A /* RecommendationEngine.swift in Sources */ = {isa = PBXBuildFile; fileRef = DF9CA405F28AFFAF262D7375 /* RecommendationEngine.swift */; };
		F44E88121A862D993402C962 /* Assets.xcassets in Resources */ = {isa = PBXBuildFile; fileRef = 8141B281CB69C628F8F4BE0F /* Assets.xcassets */; };
/* End PBXBuildFile section */

/* Begin PBXFileReference section */
		2102E4D09A2F07941260F4C9 /* ThermalScan.app */ = {isa = PBXFileReference; explicitFileType = wrapper.application; includeInIndex = 0; path = ThermalScan.app; sourceTree = BUILT_PRODUCTS_DIR; };
		304AEFC8F7872911353B3D0E /* WindowInfo.swift */ = {isa = PBXFileReference; lastKnownFileType = sourcecode.swift; path = WindowInfo.swift; sourceTree = "<group>"; };
		4248F0F36731AE2CFA3027F6 /* RoomCaptureService.swift */ = {isa = PBXFileReference; lastKnownFileType = sourcecode.swift; path = RoomCaptureService.swift; sourceTree = "<group>"; };
		436F898CB9D98AA2A71C9E1E /* Constants.swift */ = {isa = PBXFileReference; lastKnownFileType = sourcecode.swift; path = Constants.swift; sourceTree = "<group>"; };
		44854C79B333BDD5B67F1E36 /* CoreLocation.framework */ = {isa = PBXFileReference; lastKnownFileType = wrapper.framework; name = CoreLocation.framework; path = System/Library/Frameworks/CoreLocation.framework; sourceTree = SDKROOT; };
		4703C36810D54A484556F680 /* ScanView.swift */ = {isa = PBXFileReference; lastKnownFileType = sourcecode.swift; path = ScanView.swift; sourceTree = "<group>"; };
		6664D5BC5AD8B0B23517CEB7 /* DetailsView.swift */ = {isa = PBXFileReference; lastKnownFileType = sourcecode.swift; path = DetailsView.swift; sourceTree = "<group>"; };
		74AEB16358EE6AE3E98C0033 /* RoomPlan.framework */ = {isa = PBXFileReference; lastKnownFileType = wrapper.framework; name = RoomPlan.framework; path = System/Library/Frameworks/RoomPlan.framework; sourceTree = SDKROOT; };
		77CB9D46C7E4E19F8AC5FBC7 /* HomeView.swift */ = {isa = PBXFileReference; lastKnownFileType = sourcecode.swift; path = HomeView.swift; sourceTree = "<group>"; };
		7B6E83E36C4772907B18A5B9 /* ARKit.framework */ = {isa = PBXFileReference; lastKnownFileType = wrapper.framework; name = ARKit.framework; path = System/Library/Frameworks/ARKit.framework; sourceTree = SDKROOT; };
		8141B281CB69C628F8F4BE0F /* Assets.xcassets */ = {isa = PBXFileReference; lastKnownFileType = folder.assetcatalog; path = Assets.xcassets; sourceTree = "<group>"; };
		96EF94564064724D1F5895EB /* EnergyCalculator.swift */ = {isa = PBXFileReference; lastKnownFileType = sourcecode.swift; path = EnergyCalculator.swift; sourceTree = "<group>"; };
		A108C42AA04C7B9904E40197 /* InsulationQuality.swift */ = {isa = PBXFileReference; lastKnownFileType = sourcecode.swift; path = InsulationQuality.swift; sourceTree = "<group>"; };
		BCA96A8120398D3B84031DF0 /* ThermalScanApp.swift */ = {isa = PBXFileReference; lastKnownFileType = sourcecode.swift; path = ThermalScanApp.swift; sourceTree = "<group>"; };
		BDD5655AD9D6926C7EC31CDF /* Room.swift */ = {isa = PBXFileReference; lastKnownFileType = sourcecode.swift; path = Room.swift; sourceTree = "<group>"; };
		DE5470F42FEC22A59B664AAD /* ResultsView.swift */ = {isa = PBXFileReference; lastKnownFileType = sourcecode.swift; path = ResultsView.swift; sourceTree = "<group>"; };
		DF9CA405F28AFFAF262D7375 /* RecommendationEngine.swift */ = {isa = PBXFileReference; lastKnownFileType = sourcecode.swift; path = RecommendationEngine.swift; sourceTree = "<group>"; };
		F122D3C82A3D89D447734F94 /* ClimateZone.swift */ = {isa = PBXFileReference; lastKnownFileType = sourcecode.swift; path = ClimateZone.swift; sourceTree = "<group>"; };
/* End PBXFileReference section */

/* Begin PBXFrameworksBuildPhase section */
		BB2C5A466439E13A5C847437 /* Frameworks */ = {
			isa = PBXFrameworksBuildPhase;
			buildActionMask = 2147483647;
			files = (
				E1D834FBD4264F3DB6870249 /* ARKit.framework in Frameworks */,
				D6743FE63F30D629732BB584 /* RoomPlan.framework in Frameworks */,
				5A04A1B47FB29A5D702FFCC2 /* CoreLocation.framework in Frameworks */,
			);
			runOnlyForDeploymentPostprocessing = 0;
		};
/* End PBXFrameworksBuildPhase section */

/* Begin PBXGroup section */
		2C3D7ADB06CBC9D105925D36 /* Views */ = {
			isa = PBXGroup;
			children = (
				77CB9D46C7E4E19F8AC5FBC7 /* HomeView.swift */,
				4703C36810D54A484556F680 /* ScanView.swift */,
				6664D5BC5AD8B0B23517CEB7 /* DetailsView.swift */,
				DE5470F42FEC22A59B664AAD /* ResultsView.swift */,
			);
			path = Views;
			sourceTree = "<group>";
		};
		2CD66DB27556A23AC0E45378 /* App */ = {
			isa = PBXGroup;
			children = (
				BCA96A8120398D3B84031DF0 /* ThermalScanApp.swift */,
			);
			path = App;
			sourceTree = "<group>";
		};
		2F42581F9E124A47B7AA1C47 /* Models */ = {
			isa = PBXGroup;
			children = (
				BDD5655AD9D6926C7EC31CDF /* Room.swift */,
				304AEFC8F7872911353B3D0E /* WindowInfo.swift */,
				F122D3C82A3D89D447734F94 /* ClimateZone.swift */,
				A108C42AA04C7B9904E40197 /* InsulationQuality.swift */,
			);
			path = Models;
			sourceTree = "<group>";
		};
		3010253C5BB4AF646C629C3D /* ThermalScan */ = {
			isa = PBXGroup;
			children = (
				2CD66DB27556A23AC0E45378 /* App */,
				2F42581F9E124A47B7AA1C47 /* Models */,
				2C3D7ADB06CBC9D105925D36 /* Views */,
				712921B4D9815BE4E0E2336B /* Services */,
				D10A99A9FB2854162472480F /* Utils */,
				8141B281CB69C628F8F4BE0F /* Assets.xcassets */,
				F16D87CA295CD51132E3D8FB /* Frameworks */,
				5EEBF05C98BD1CD96EE263C4 /* Products */,
			);
			path = ThermalScan;
			sourceTree = "<group>";
		};
		5EEBF05C98BD1CD96EE263C4 /* Products */ = {
			isa = PBXGroup;
			children = (
				2102E4D09A2F07941260F4C9 /* ThermalScan.app */,
			);
			name = Products;
			sourceTree = "<group>";
		};
		712921B4D9815BE4E0E2336B /* Services */ = {
			isa = PBXGroup;
			children = (
				96EF94564064724D1F5895EB /* EnergyCalculator.swift */,
				DF9CA405F28AFFAF262D7375 /* RecommendationEngine.swift */,
				4248F0F36731AE2CFA3027F6 /* RoomCaptureService.swift */,
			);
			path = Services;
			sourceTree = "<group>";
		};
		D10A99A9FB2854162472480F /* Utils */ = {
			isa = PBXGroup;
			children = (
				436F898CB9D98AA2A71C9E1E /* Constants.swift */,
			);
			path = Utils;
			sourceTree = "<group>";
		};
		F16D87CA295CD51132E3D8FB /* Frameworks */ = {
			isa = PBXGroup;
			children = (
				7B6E83E36C4772907B18A5B9 /* ARKit.framework */,
				74AEB16358EE6AE3E98C0033 /* RoomPlan.framework */,
				44854C79B333BDD5B67F1E36 /* CoreLocation.framework */,
			);
			name = Frameworks;
			sourceTree = "<group>";
		};
/* End PBXGroup section */

/* Begin PBXNativeTarget section */
		00A0CC47E11B1DEA8122A3DF /* ThermalScan */ = {
			isa = PBXNativeTarget;
			buildConfigurationList = E334EB6D494A1D4F8100423A /* Build configuration list for PBXNativeTarget "ThermalScan" */;
			buildPhases = (
				650FF77AD428B19A876F8AC7 /* Sources */,
				BB2C5A466439E13A5C847437 /* Frameworks */,
				D8920F664AF91A00D0E9E111 /* Resources */,
			);
			buildRules = (
			);
			dependencies = (
			);
			name = ThermalScan;
			productName = ThermalScan;
			productReference = 2102E4D09A2F07941260F4C9 /* ThermalScan.app */;
			productType = "com.apple.product-type.application";
		};
/* End PBXNativeTarget section */

/* Begin PBXProject section */
		307F4947E6EF94E2515590A0 /* Project object */ = {
			isa = PBXProject;
			attributes = {
				BuildIndependentTargetsInParallel = 1;
				LastSwiftUpdateCheck = 1620;
				LastUpgradeCheck = 1620;
				TargetAttributes = {
					00A0CC47E11B1DEA8122A3DF = {
						CreatedOnToolsVersion = 16.2;
					};
				};
			};
			buildConfigurationList = 9D85C6E21381DFC351A9B7FB /* Build configuration list for PBXProject "ThermalScan" */;
			compatibilityVersion = "Xcode 14.0";
			developmentRegion = en;
			hasScannedForEncodings = 0;
			knownRegions = (
				en,
				Base,
			);
			mainGroup = 3010253C5BB4AF646C629C3D /* ThermalScan */;
			projectDirPath = "";
			projectRoot = "";
			targets = (
				00A0CC47E11B1DEA8122A3DF /* ThermalScan */,
			);
		};
/* End PBXProject section */

/* Begin PBXResourcesBuildPhase section */
		D8920F664AF91A00D0E9E111 /* Resources */ = {
			isa = PBXResourcesBuildPhase;
			buildActionMask = 2147483647;
			files = (
				F44E88121A862D993402C962 /* Assets.xcassets in Resources */,
			);
			runOnlyForDeploymentPostprocessing = 0;
		};
/* End PBXResourcesBuildPhase section */

/* Begin PBXSourcesBuildPhase section */
		650FF77AD428B19A876F8AC7 /* Sources */ = {
			isa = PBXSourcesBuildPhase;
			buildActionMask = 2147483647;
			files = (
				A30FF09CA1B395EB7073D842 /* ThermalScanApp.swift in Sources */,
				6A8CFAD8C756BAF051FAF727 /* Room.swift in Sources */,
				0DDE5CEF7930D4F3FC49C306 /* WindowInfo.swift in Sources */,
				E2D2129C9A3D799C97326793 /* ClimateZone.swift in Sources */,
				741FBC251B6C9DBD1582AB71 /* InsulationQuality.swift in Sources */,
				96654BF05A942D2CEA3A5E5F /* HomeView.swift in Sources */,
				CDDFB6306C486BBA2C32AB0B /* ScanView.swift in Sources */,
				213E984A5CCF7C958119B1C5 /* DetailsView.swift in Sources */,
				1A16540321EEFE0CA96FF3B9 /* ResultsView.swift in Sources */,
				19AD7EC75D594B585EA9838A /* EnergyCalculator.swift in Sources */,
				E658DAB605FD1A228033D29A /* RecommendationEngine.swift in Sources */,
				7F518FA9D23E3AA2CB78D756 /* RoomCaptureService.swift in Sources */,
				07FF104B5DCCF8F5A46E9B31 /* Constants.swift in Sources */,
			);
			runOnlyForDeploymentPostprocessing = 0;
		};
/* End PBXSourcesBuildPhase section */

/* Begin XCBuildConfiguration section */
		46C281A5C95048BA4FEFC9E5 /* Debug */ = {
			isa = XCBuildConfiguration;
			buildSettings = {
				ASSETCAT_COMPILER_APPICON_NAME = AppIcon;
				CURRENT_PROJECT_VERSION = 1;
				DEVELOPMENT_TEAM = 3V7T9UPYM9;
				ENABLE_PREVIEWS = YES;
				GENERATE_INFOPLIST_FILE = YES;
				INFOPLIST_KEY_NSCameraUsageDescription = "ThermalScan uses your camera with LiDAR to measure room dimensions.";
				INFOPLIST_KEY_NSLocationWhenInUseUsageDescription = "Your approximate location is used to suggest a climate zone.";
				INFOPLIST_KEY_UIApplicationSceneManifest_Generation = YES;
				INFOPLIST_KEY_UIApplicationSupportsIndirectInputEvents = YES;
				INFOPLIST_KEY_UILaunchScreen_Generation = YES;
				INFOPLIST_KEY_UISupportedInterfaceOrientations_iPhone = "UIInterfaceOrientationPortrait UIInterfaceOrientationLandscapeLeft UIInterfaceOrientationLandscapeRight";
				IPHONEOS_DEPLOYMENT_TARGET = 17.0;
				LD_RUNPATH_SEARCH_PATHS = "@executable_path/Frameworks";
				MARKETING_VERSION = 1.0;
				PRODUCT_BUNDLE_IDENTIFIER = com.omerbese.thermalscan;
				PRODUCT_NAME = "$(TARGET_NAME)";
				SWIFT_EMIT_LOC_STRINGS = YES;
				SWIFT_VERSION = 5.0;
				TARGETED_DEVICE_FAMILY = "1,2";
			};
			name = Debug;
		};
		606BA60783028EDE9AD8A4CC /* Release */ = {
			isa = XCBuildConfiguration;
			buildSettings = {
				ASSETCAT_COMPILER_APPICON_NAME = AppIcon;
				CURRENT_PROJECT_VERSION = 1;
				DEVELOPMENT_TEAM = 3V7T9UPYM9;
				ENABLE_PREVIEWS = YES;
				GENERATE_INFOPLIST_FILE = YES;
				INFOPLIST_KEY_NSCameraUsageDescription = "ThermalScan uses your camera with LiDAR to measure room dimensions.";
				INFOPLIST_KEY_NSLocationWhenInUseUsageDescription = "Your approximate location is used to suggest a climate zone.";
				INFOPLIST_KEY_UIApplicationSceneManifest_Generation = YES;
				INFOPLIST_KEY_UIApplicationSupportsIndirectInputEvents = YES;
				INFOPLIST_KEY_UILaunchScreen_Generation = YES;
				INFOPLIST_KEY_UISupportedInterfaceOrientations_iPhone = "UIInterfaceOrientationPortrait UIInterfaceOrientationLandscapeLeft UIInterfaceOrientationLandscapeRight";
				IPHONEOS_DEPLOYMENT_TARGET = 17.0;
				LD_RUNPATH_SEARCH_PATHS = "@executable_path/Frameworks";
				MARKETING_VERSION = 1.0;
				PRODUCT_BUNDLE_IDENTIFIER = com.omerbese.thermalscan;
				PRODUCT_NAME = "$(TARGET_NAME)";
				SWIFT_EMIT_LOC_STRINGS = YES;
				SWIFT_VERSION = 5.0;
				TARGETED_DEVICE_FAMILY = "1,2";
			};
			name = Release;
		};
		79933D2192BF94638446CF7B /* Debug */ = {
			isa = XCBuildConfiguration;
			buildSettings = {
				ALWAYS_SEARCH_USER_PATHS = NO;
				CLANG_ANALYZER_NONNULL = YES;
				CLANG_CXX_LANGUAGE_STANDARD = "gnu++20";
				CLANG_ENABLE_MODULES = YES;
				CLANG_ENABLE_OBJC_ARC = YES;
				CLANG_ENABLE_OBJC_WEAK = YES;
				CLANG_WARN_BOOL_CONVERSION = YES;
				CLANG_WARN_CONSTANT_CONVERSION = YES;
				CLANG_WARN_DEPRECATED_OBJC_IMPLEMENTATIONS = YES;
				CLANG_WARN_DIRECT_OBJC_ISA_USAGE = YES_ERROR;
				CLANG_WARN_EMPTY_BODY = YES;
				CLANG_WARN_ENUM_CONVERSION = YES;
				CLANG_WARN_INFINITE_RECURSION = YES;
				CLANG_WARN_INT_CONVERSION = YES;
				CLANG_WARN_NON_LITERAL_NULL_CONVERSION = YES;
				CLANG_WARN_OBJC_IMPLICIT_RETAIN_SELF = YES;
				CLANG_WARN_OBJC_LITERAL_CONVERSION = YES;
				CLANG_WARN_OBJC_ROOT_CLASS = YES_ERROR;
				CLANG_WARN_RANGE_LOOP_ANALYSIS = YES;
				CLANG_WARN_STRICT_PROTOTYPES = YES;
				CLANG_WARN_SUSPICIOUS_MOVE = YES;
				CLANG_WARN_UNREACHABLE_CODE = YES;
				CLANG_WARN__DUPLICATE_METHOD_DECL = YES;
				COPY_PHASE_STRIP = NO;
				DEBUG_INFORMATION_FORMAT = dwarf;
				ENABLE_STRICT_OBJC_MSGSEND = YES;
				ENABLE_TESTABILITY = YES;
				GCC_C_LANGUAGE_STANDARD = gnu17;
				GCC_DYNAMIC_NO_PIC = NO;
				GCC_NO_COMMON_BLOCKS = YES;
				GCC_OPTIMIZATION_LEVEL = 0;
				GCC_PREPROCESSOR_DEFINITIONS = (
					"DEBUG=1",
					"$(inherited)",
				);
				GCC_WARN_64_TO_32_BIT_CONVERSION = YES;
				GCC_WARN_ABOUT_RETURN_TYPE = YES_ERROR;
				GCC_WARN_UNDECLARED_SELECTOR = YES;
				GCC_WARN_UNINITIALIZED_AUTOS = YES_AGGRESSIVE;
				GCC_WARN_UNUSED_FUNCTION = YES;
				GCC_WARN_UNUSED_VARIABLE = YES;
				IPHONEOS_DEPLOYMENT_TARGET = 17.0;
				MTL_ENABLE_DEBUG_INFO = INCLUDE_SOURCE;
				MTL_FAST_MATH = YES;
				ONLY_ACTIVE_ARCH = YES;
				SDKROOT = iphoneos;
				SWIFT_ACTIVE_COMPILATION_CONDITIONS = "DEBUG $(inherited)";
				SWIFT_OPTIMIZATION_LEVEL = "-Onone";
			};
			name = Debug;
		};
		A953523F8842FBF3DFBA8DD5 /* Release */ = {
			isa = XCBuildConfiguration;
			buildSettings = {
				ALWAYS_SEARCH_USER_PATHS = NO;
				CLANG_ANALYZER_NONNULL = YES;
				CLANG_CXX_LANGUAGE_STANDARD = "gnu++20";
				CLANG_ENABLE_MODULES = YES;
				CLANG_ENABLE_OBJC_ARC = YES;
				CLANG_ENABLE_OBJC_WEAK = YES;
				CLANG_WARN_BOOL_CONVERSION = YES;
				CLANG_WARN_CONSTANT_CONVERSION = YES;
				CLANG_WARN_DEPRECATED_OBJC_IMPLEMENTATIONS = YES;
				CLANG_WARN_DIRECT_OBJC_ISA_USAGE = YES_ERROR;
				CLANG_WARN_EMPTY_BODY = YES;
				CLANG_WARN_ENUM_CONVERSION = YES;
				CLANG_WARN_INFINITE_RECURSION = YES;
				CLANG_WARN_INT_CONVERSION = YES;
				CLANG_WARN_NON_LITERAL_NULL_CONVERSION = YES;
				CLANG_WARN_OBJC_IMPLICIT_RETAIN_SELF = YES;
				CLANG_WARN_OBJC_LITERAL_CONVERSION = YES;
				CLANG_WARN_OBJC_ROOT_CLASS = YES_ERROR;
				CLANG_WARN_RANGE_LOOP_ANALYSIS = YES;
				CLANG_WARN_STRICT_PROTOTYPES = YES;
				CLANG_WARN_SUSPICIOUS_MOVE = YES;
				CLANG_WARN_UNREACHABLE_CODE = YES;
				CLANG_WARN__DUPLICATE_METHOD_DECL = YES;
				COPY_PHASE_STRIP = NO;
				DEBUG_INFORMATION_FORMAT = "dwarf-with-dsym";
				ENABLE_NS_ASSERTIONS = NO;
				ENABLE_STRICT_OBJC_MSGSEND = YES;
				GCC_C_LANGUAGE_STANDARD = gnu17;
				GCC_NO_COMMON_BLOCKS = YES;
				GCC_WARN_64_TO_32_BIT_CONVERSION = YES;
				GCC_WARN_ABOUT_RETURN_TYPE = YES_ERROR;
				GCC_WARN_UNDECLARED_SELECTOR = YES;
				GCC_WARN_UNINITIALIZED_AUTOS = YES_AGGRESSIVE;
				GCC_WARN_UNUSED_FUNCTION = YES;
				GCC_WARN_UNUSED_VARIABLE = YES;
				IPHONEOS_DEPLOYMENT_TARGET = 17.0;
				MTL_FAST_MATH = YES;
				SDKROOT = iphoneos;
				SWIFT_COMPILATION_MODE = wholemodule;
				SWIFT_OPTIMIZATION_LEVEL = "-O";
				VALIDATE_PRODUCT = YES;
			};
			name = Release;
		};
/* End XCBuildConfiguration section */

/* Begin XCConfigurationList section */
		9D85C6E21381DFC351A9B7FB /* Build configuration list for PBXProject "ThermalScan" */ = {
			isa = XCConfigurationList;
			buildConfigurations = (
				79933D2192BF94638446CF7B /* Debug */,
				A953523F8842FBF3DFBA8DD5 /* Release */,
			);
			defaultConfigurationIsVisible = 0;
			defaultConfigurationName = Release;
		};
		E334EB6D494A1D4F8100423A /* Build configuration list for PBXNativeTarget "ThermalScan" */ = {
			isa = XCConfigurationList;
			buildConfigurations = (
				46C281A5C95048BA4FEFC9E5 /* Debug */,
				606BA60783028EDE9AD8A4CC /* Release */,
			);
			defaultConfigurationIsVisible = 0;
			defaultConfigurationName = Release;
		};
/* End XCConfigurationList section */
	};
	rootObject = 307F4947E6EF94E2515590A0 /* Project object */;
}
